// !$*UTF8*$!
{
	archiveVersion = 1;
	classes = {
	};
	objectVersion = 56;
	objects = {

/* Begin PBXBuildFile section */
		F606F5202B971FB7005EDA94 /* AppDelegate.swift in Sources */ = {isa = PBXBuildFile; fileRef = F606F51F2B971FB7005EDA94 /* AppDelegate.swift */; };
		F606F5222B971FB7005EDA94 /* SceneDelegate.swift in Sources */ = {isa = PBXBuildFile; fileRef = F606F5212B971FB7005EDA94 /* SceneDelegate.swift */; };
		F606F5242B971FB7005EDA94 /* ViewController.swift in Sources */ = {isa = PBXBuildFile; fileRef = F606F5232B971FB7005EDA94 /* ViewController.swift */; };
		F606F5272B971FB7005EDA94 /* Main.storyboard in Resources */ = {isa = PBXBuildFile; fileRef = F606F5252B971FB7005EDA94 /* Main.storyboard */; };
		F606F5292B971FB9005EDA94 /* Assets.xcassets in Resources */ = {isa = PBXBuildFile; fileRef = F606F5282B971FB9005EDA94 /* Assets.xcassets */; };
		F606F52C2B971FB9005EDA94 /* LaunchScreen.storyboard in Resources */ = {isa = PBXBuildFile; fileRef = F606F52A2B971FB9005EDA94 /* LaunchScreen.storyboard */; };
		F606F56B2B972193005EDA94 /* TidyKit.framework in Frameworks */ = {isa = PBXBuildFile; fileRef = F606F56A2B972193005EDA94 /* TidyKit.framework */; };
		F606F56C2B972193005EDA94 /* TidyKit.framework in Embed Frameworks */ = {isa = PBXBuildFile; fileRef = F606F56A2B972193005EDA94 /* TidyKit.framework */; settings = {ATTRIBUTES = (CodeSignOnCopy, RemoveHeadersOnCopy, ); }; };
		F606F5982B9B0225005EDA94 /* JsBaseHandler.swift in Sources */ = {isa = PBXBuildFile; fileRef = F606F5952B9B0225005EDA94 /* JsBaseHandler.swift */; };
		F606F5992B9B0225005EDA94 /* JsApiHandler.swift in Sources */ = {isa = PBXBuildFile; fileRef = F606F5962B9B0225005EDA94 /* JsApiHandler.swift */; };
		F606F59A2B9B0225005EDA94 /* WebViewController.swift in Sources */ = {isa = PBXBuildFile; fileRef = F606F5972B9B0225005EDA94 /* WebViewController.swift */; };
/* End PBXBuildFile section */

/* Begin PBXCopyFilesBuildPhase section */
		F606F56D2B972193005EDA94 /* Embed Frameworks */ = {
			isa = PBXCopyFilesBuildPhase;
			buildActionMask = 2147483647;
			dstPath = "";
			dstSubfolderSpec = 10;
			files = (
				F606F56C2B972193005EDA94 /* TidyKit.framework in Embed Frameworks */,
			);
			name = "Embed Frameworks";
			runOnlyForDeploymentPostprocessing = 0;
		};
/* End PBXCopyFilesBuildPhase section */

/* Begin PBXFileReference section */
		F606F51C2B971FB7005EDA94 /* TidyKit-Demo.app */ = {isa = PBXFileReference; explicitFileType = wrapper.application; includeInIndex = 0; path = "TidyKit-Demo.app"; sourceTree = BUILT_PRODUCTS_DIR; };
		F606F51F2B971FB7005EDA94 /* AppDelegate.swift */ = {isa = PBXFileReference; lastKnownFileType = sourcecode.swift; path = AppDelegate.swift; sourceTree = "<group>"; };
		F606F5212B971FB7005EDA94 /* SceneDelegate.swift */ = {isa = PBXFileReference; lastKnownFileType = sourcecode.swift; path = SceneDelegate.swift; sourceTree = "<group>"; };
		F606F5232B971FB7005EDA94 /* ViewController.swift */ = {isa = PBXFileReference; lastKnownFileType = sourcecode.swift; path = ViewController.swift; sourceTree = "<group>"; };
		F606F5262B971FB7005EDA94 /* Base */ = {isa = PBXFileReference; lastKnownFileType = file.storyboard; name = Base; path = Base.lproj/Main.storyboard; sourceTree = "<group>"; };
		F606F5282B971FB9005EDA94 /* Assets.xcassets */ = {isa = PBXFileReference; lastKnownFileType = folder.assetcatalog; path = Assets.xcassets; sourceTree = "<group>"; };
		F606F52B2B971FB9005EDA94 /* Base */ = {isa = PBXFileReference; lastKnownFileType = file.storyboard; name = Base; path = Base.lproj/LaunchScreen.storyboard; sourceTree = "<group>"; };
		F606F52D2B971FB9005EDA94 /* Info.plist */ = {isa = PBXFileReference; lastKnownFileType = text.plist.xml; path = Info.plist; sourceTree = "<group>"; };
		F606F56A2B972193005EDA94 /* TidyKit.framework */ = {isa = PBXFileReference; explicitFileType = wrapper.framework; path = TidyKit.framework; sourceTree = BUILT_PRODUCTS_DIR; };
		F606F5912B9B021E005EDA94 /* mute.caf */ = {isa = PBXFileReference; lastKnownFileType = file; path = mute.caf; sourceTree = "<group>"; };
		F606F5922B9B021E005EDA94 /* KeepAliveService.swift */ = {isa = PBXFileReference; fileEncoding = 4; lastKnownFileType = sourcecode.swift; path = KeepAliveService.swift; sourceTree = "<group>"; };
		F606F5952B9B0225005EDA94 /* JsBaseHandler.swift */ = {isa = PBXFileReference; fileEncoding = 4; lastKnownFileType = sourcecode.swift; path = JsBaseHandler.swift; sourceTree = "<group>"; };
		F606F5962B9B0225005EDA94 /* JsApiHandler.swift */ = {isa = PBXFileReference; fileEncoding = 4; lastKnownFileType = sourcecode.swift; path = JsApiHandler.swift; sourceTree = "<group>"; };
		F606F5972B9B0225005EDA94 /* WebViewController.swift */ = {isa = PBXFileReference; fileEncoding = 4; lastKnownFileType = sourcecode.swift; path = WebViewController.swift; sourceTree = "<group>"; };
/* End PBXFileReference section */

/* Begin PBXFrameworksBuildPhase section */
		F606F5192B971FB7005EDA94 /* Frameworks */ = {
			isa = PBXFrameworksBuildPhase;
			buildActionMask = 2147483647;
			files = (
				F606F56B2B972193005EDA94 /* TidyKit.framework in Frameworks */,
			);
			runOnlyForDeploymentPostprocessing = 0;
		};
/* End PBXFrameworksBuildPhase section */

/* Begin PBXGroup section */
		F606F5132B971FB7005EDA94 = {
			isa = PBXGroup;
			children = (
				F606F51E2B971FB7005EDA94 /* TidyKit-Demo */,
				F606F51D2B971FB7005EDA94 /* Products */,
				F606F5692B972193005EDA94 /* Frameworks */,
			);
			sourceTree = "<group>";
		};
		F606F51D2B971FB7005EDA94 /* Products */ = {
			isa = PBXGroup;
			children = (
				F606F51C2B971FB7005EDA94 /* TidyKit-Demo.app */,
			);
			name = Products;
			sourceTree = "<group>";
		};
		F606F51E2B971FB7005EDA94 /* TidyKit-Demo */ = {
			isa = PBXGroup;
			children = (
				F606F5942B9B0225005EDA94 /* TidyWebView */,
				F606F5932B9B021E005EDA94 /* KeepAlive */,
				F606F51F2B971FB7005EDA94 /* AppDelegate.swift */,
				F606F5212B971FB7005EDA94 /* SceneDelegate.swift */,
				F606F5232B971FB7005EDA94 /* ViewController.swift */,
				F606F5252B971FB7005EDA94 /* Main.storyboard */,
				F606F5282B971FB9005EDA94 /* Assets.xcassets */,
				F606F52A2B971FB9005EDA94 /* LaunchScreen.storyboard */,
				F606F52D2B971FB9005EDA94 /* Info.plist */,
			);
			path = "TidyKit-Demo";
			sourceTree = "<group>";
		};
		F606F5692B972193005EDA94 /* Frameworks */ = {
			isa = PBXGroup;
			children = (
				F606F56A2B972193005EDA94 /* TidyKit.framework */,
			);
			name = Frameworks;
			sourceTree = "<group>";
		};
		F606F5932B9B021E005EDA94 /* KeepAlive */ = {
			isa = PBXGroup;
			children = (
				F606F5912B9B021E005EDA94 /* mute.caf */,
				F606F5922B9B021E005EDA94 /* KeepAliveService.swift */,
			);
			path = KeepAlive;
			sourceTree = "<group>";
		};
		F606F5942B9B0225005EDA94 /* TidyWebView */ = {
			isa = PBXGroup;
			children = (
				F606F5952B9B0225005EDA94 /* JsBaseHandler.swift */,
				F606F5962B9B0225005EDA94 /* JsApiHandler.swift */,
				F606F5972B9B0225005EDA94 /* WebViewController.swift */,
			);
			path = TidyWebView;
			sourceTree = "<group>";
		};
/* End PBXGroup section */

/* Begin PBXNativeTarget section */
		F606F51B2B971FB7005EDA94 /* TidyKit-Demo */ = {
			isa = PBXNativeTarget;
			buildConfigurationList = F606F5302B971FB9005EDA94 /* Build configuration list for PBXNativeTarget "TidyKit-Demo" */;
			buildPhases = (
				F606F5182B971FB7005EDA94 /* Sources */,
				F606F5192B971FB7005EDA94 /* Frameworks */,
				F606F51A2B971FB7005EDA94 /* Resources */,
				F606F56D2B972193005EDA94 /* Embed Frameworks */,
			);
			buildRules = (
			);
			dependencies = (
			);
			name = "TidyKit-Demo";
			productName = "TidyKit-Demo";
			productReference = F606F51C2B971FB7005EDA94 /* TidyKit-Demo.app */;
			productType = "com.apple.product-type.application";
		};
/* End PBXNativeTarget section */

/* Begin PBXProject section */
		F606F5142B971FB7005EDA94 /* Project object */ = {
			isa = PBXProject;
			attributes = {
				BuildIndependentTargetsInParallel = 1;
				LastSwiftUpdateCheck = 1500;
				LastUpgradeCheck = 1500;
				TargetAttributes = {
					F606F51B2B971FB7005EDA94 = {
						CreatedOnToolsVersion = 15.0;
					};
				};
			};
			buildConfigurationList = F606F5172B971FB7005EDA94 /* Build configuration list for PBXProject "TidyKit-Demo" */;
			compatibilityVersion = "Xcode 14.0";
			developmentRegion = en;
			hasScannedForEncodings = 0;
			knownRegions = (
				en,
				Base,
			);
			mainGroup = F606F5132B971FB7005EDA94;
			productRefGroup = F606F51D2B971FB7005EDA94 /* Products */;
			projectDirPath = "";
			projectRoot = "";
			targets = (
				F606F51B2B971FB7005EDA94 /* TidyKit-Demo */,
			);
		};
/* End PBXProject section */

/* Begin PBXResourcesBuildPhase section */
		F606F51A2B971FB7005EDA94 /* Resources */ = {
			isa = PBXResourcesBuildPhase;
			buildActionMask = 2147483647;
			files = (
				F606F52C2B971FB9005EDA94 /* LaunchScreen.storyboard in Resources */,
				F606F5292B971FB9005EDA94 /* Assets.xcassets in Resources */,
				F606F5272B971FB7005EDA94 /* Main.storyboard in Resources */,
			);
			runOnlyForDeploymentPostprocessing = 0;
		};
/* End PBXResourcesBuildPhase section */

/* Begin PBXSourcesBuildPhase section */
		F606F5182B971FB7005EDA94 /* Sources */ = {
			isa = PBXSourcesBuildPhase;
			buildActionMask = 2147483647;
			files = (
				F606F5982B9B0225005EDA94 /* JsBaseHandler.swift in Sources */,
				F606F59A2B9B0225005EDA94 /* WebViewController.swift in Sources */,
				F606F5242B971FB7005EDA94 /* ViewController.swift in Sources */,
				F606F5202B971FB7005EDA94 /* AppDelegate.swift in Sources */,
				F606F5992B9B0225005EDA94 /* JsApiHandler.swift in Sources */,
				F606F5222B971FB7005EDA94 /* SceneDelegate.swift in Sources */,
			);
			runOnlyForDeploymentPostprocessing = 0;
		};
/* End PBXSourcesBuildPhase section */

/* Begin PBXVariantGroup section */
		F606F5252B971FB7005EDA94 /* Main.storyboard */ = {
			isa = PBXVariantGroup;
			children = (
				F606F5262B971FB7005EDA94 /* Base */,
			);
			name = Main.storyboard;
			sourceTree = "<group>";
		};
		F606F52A2B971FB9005EDA94 /* LaunchScreen.storyboard */ = {
			isa = PBXVariantGroup;
			children = (
				F606F52B2B971FB9005EDA94 /* Base */,
			);
			name = LaunchScreen.storyboard;
			sourceTree = "<group>";
		};
/* End PBXVariantGroup section */

/* Begin XCBuildConfiguration section */
		F606F52E2B971FB9005EDA94 /* Debug */ = {
			isa = XCBuildConfiguration;
			buildSettings = {
				ALWAYS_SEARCH_USER_PATHS = NO;
				ASSETCATALOG_COMPILER_GENERATE_SWIFT_ASSET_SYMBOL_EXTENSIONS = YES;
				CLANG_ANALYZER_NONNULL = YES;
				CLANG_ANALYZER_NUMBER_OBJECT_CONVERSION = YES_AGGRESSIVE;
				CLANG_CXX_LANGUAGE_STANDARD = "gnu++20";
				CLANG_ENABLE_MODULES = YES;
				CLANG_ENABLE_OBJC_ARC = YES;
				CLANG_ENABLE_OBJC_WEAK = YES;
				CLANG_WARN_BLOCK_CAPTURE_AUTORELEASING = YES;
				CLANG_WARN_BOOL_CONVERSION = YES;
				CLANG_WARN_COMMA = YES;
				CLANG_WARN_CONSTANT_CONVERSION = YES;
				CLANG_WARN_DEPRECATED_OBJC_IMPLEMENTATIONS = YES;
				CLANG_WARN_DIRECT_OBJC_ISA_USAGE = YES_ERROR;
				CLANG_WARN_DOCUMENTATION_COMMENTS = YES;
				CLANG_WARN_EMPTY_BODY = YES;
				CLANG_WARN_ENUM_CONVERSION = YES;
				CLANG_WARN_INFINITE_RECURSION = YES;
				CLANG_WARN_INT_CONVERSION = YES;
				CLANG_WARN_NON_LITERAL_NULL_CONVERSION = YES;
				CLANG_WARN_OBJC_IMPLICIT_RETAIN_SELF = YES;
				CLANG_WARN_OBJC_LITERAL_CONVERSION = YES;
				CLANG_WARN_OBJC_ROOT_CLASS = YES_ERROR;
				CLANG_WARN_QUOTED_INCLUDE_IN_FRAMEWORK_HEADER = YES;
				CLANG_WARN_RANGE_LOOP_ANALYSIS = YES;
				CLANG_WARN_STRICT_PROTOTYPES = YES;
				CLANG_WARN_SUSPICIOUS_MOVE = YES;
				CLANG_WARN_UNGUARDED_AVAILABILITY = YES_AGGRESSIVE;
				CLANG_WARN_UNREACHABLE_CODE = YES;
				CLANG_WARN__DUPLICATE_METHOD_MATCH = YES;
				COPY_PHASE_STRIP = NO;
				DEBUG_INFORMATION_FORMAT = dwarf;
				ENABLE_STRICT_OBJC_MSGSEND = YES;
				ENABLE_TESTABILITY = YES;
				ENABLE_USER_SCRIPT_SANDBOXING = YES;
				GCC_C_LANGUAGE_STANDARD = gnu17;
				GCC_DYNAMIC_NO_PIC = NO;
				GCC_NO_COMMON_BLOCKS = YES;
				GCC_OPTIMIZATION_LEVEL = 0;
				GCC_PREPROCESSOR_DEFINITIONS = (
					"DEBUG=1",
					"$(inherited)",
				);
				GCC_WARN_64_TO_32_BIT_CONVERSION = YES;
				GCC_WARN_ABOUT_RETURN_TYPE = YES_ERROR;
				GCC_WARN_UNDECLARED_SELECTOR = YES;
				GCC_WARN_UNINITIALIZED_AUTOS = YES_AGGRESSIVE;
				GCC_WARN_UNUSED_FUNCTION = YES;
				GCC_WARN_UNUSED_VARIABLE = YES;
				IPHONEOS_DEPLOYMENT_TARGET = 17.0;
				LOCALIZATION_PREFERS_STRING_CATALOGS = YES;
				MTL_ENABLE_DEBUG_INFO = INCLUDE_SOURCE;
				MTL_FAST_MATH = YES;
				ONLY_ACTIVE_ARCH = YES;
				SDKROOT = iphoneos;
				SWIFT_ACTIVE_COMPILATION_CONDITIONS = "DEBUG $(inherited)";
				SWIFT_OPTIMIZATION_LEVEL = "-Onone";
			};
			name = Debug;
		};
		F606F52F2B971FB9005EDA94 /* Release */ = {
			isa = XCBuildConfiguration;
			buildSettings = {
				ALWAYS_SEARCH_USER_PATHS = NO;
				ASSETCATALOG_COMPILER_GENERATE_SWIFT_ASSET_SYMBOL_EXTENSIONS = YES;
				CLANG_ANALYZER_NONNULL = YES;
				CLANG_ANALYZER_NUMBER_OBJECT_CONVERSION = YES_AGGRESSIVE;
				CLANG_CXX_LANGUAGE_STANDARD = "gnu++20";
				CLANG_ENABLE_MODULES = YES;
				CLANG_ENABLE_OBJC_ARC = YES;
				CLANG_ENABLE_OBJC_WEAK = YES;
				CLANG_WARN_BLOCK_CAPTURE_AUTORELEASING = YES;
				CLANG_WARN_BOOL_CONVERSION = YES;
				CLANG_WARN_COMMA = YES;
				CLANG_WARN_CONSTANT_CONVERSION = YES;
				CLANG_WARN_DEPRECATED_OBJC_IMPLEMENTATIONS = YES;
				CLANG_WARN_DIRECT_OBJC_ISA_USAGE = YES_ERROR;
				CLANG_WARN_DOCUMENTATION_COMMENTS = YES;
				CLANG_WARN_EMPTY_BODY = YES;
				CLANG_WARN_ENUM_CONVERSION = YES;
				CLANG_WARN_INFINITE_RECURSION = YES;
				CLANG_WARN_INT_CONVERSION = YES;
				CLANG_WARN_NON_LITERAL_NULL_CONVERSION = YES;
				CLANG_WARN_OBJC_IMPLICIT_RETAIN_SELF = YES;
				CLANG_WARN_OBJC_LITERAL_CONVERSION = YES;
				CLANG_WARN_OBJC_ROOT_CLASS = YES_ERROR;
				CLANG_WARN_QUOTED_INCLUDE_IN_FRAMEWORK_HEADER = YES;
				CLANG_WARN_RANGE_LOOP_ANALYSIS = YES;
				CLANG_WARN_STRICT_PROTOTYPES = YES;
				CLANG_WARN_SUSPICIOUS_MOVE = YES;
				CLANG_WARN_UNGUARDED_AVAILABILITY = YES_AGGRESSIVE;
				CLANG_WARN_UNREACHABLE_CODE = YES;
				CLANG_WARN__DUPLICATE_METHOD_MATCH = YES;
				COPY_PHASE_STRIP = NO;
				DEBUG_INFORMATION_FORMAT = "dwarf-with-dsym";
				ENABLE_NS_ASSERTIONS = NO;
				ENABLE_STRICT_OBJC_MSGSEND = YES;
				ENABLE_USER_SCRIPT_SANDBOXING = YES;
				GCC_C_LANGUAGE_STANDARD = gnu17;
				GCC_NO_COMMON_BLOCKS = YES;
				GCC_WARN_64_TO_32_BIT_CONVERSION = YES;
				GCC_WARN_ABOUT_RETURN_TYPE = YES_ERROR;
				GCC_WARN_UNDECLARED_SELECTOR = YES;
				GCC_WARN_UNINITIALIZED_AUTOS = YES_AGGRESSIVE;
				GCC_WARN_UNUSED_FUNCTION = YES;
				GCC_WARN_UNUSED_VARIABLE = YES;
				IPHONEOS_DEPLOYMENT_TARGET = 17.0;
				LOCALIZATION_PREFERS_STRING_CATALOGS = YES;
				MTL_ENABLE_DEBUG_INFO = NO;
				MTL_FAST_MATH = YES;
				SDKROOT = iphoneos;
				SWIFT_COMPILATION_MODE = wholemodule;
				VALIDATE_PRODUCT = YES;
			};
			name = Release;
		};
		F606F5312B971FB9005EDA94 /* Debug */ = {
			isa = XCBuildConfiguration;
			buildSettings = {
				ASSETCATALOG_COMPILER_APPICON_NAME = AppIcon;
				ASSETCATALOG_COMPILER_GLOBAL_ACCENT_COLOR_NAME = AccentColor;
				CODE_SIGN_STYLE = Automatic;
				CURRENT_PROJECT_VERSION = 1;
				DEVELOPMENT_TEAM = KRM5HYEDXU;
				GENERATE_INFOPLIST_FILE = YES;
				INFOPLIST_FILE = "TidyKit-Demo/Info.plist";
				INFOPLIST_KEY_UIApplicationSupportsIndirectInputEvents = YES;
				INFOPLIST_KEY_UILaunchStoryboardName = LaunchScreen;
				INFOPLIST_KEY_UIMainStoryboardFile = Main;
				INFOPLIST_KEY_UISupportedInterfaceOrientations_iPad = "UIInterfaceOrientationPortrait UIInterfaceOrientationPortraitUpsideDown UIInterfaceOrientationLandscapeLeft UIInterfaceOrientationLandscapeRight";
				INFOPLIST_KEY_UISupportedInterfaceOrientations_iPhone = "UIInterfaceOrientationPortrait UIInterfaceOrientationLandscapeLeft UIInterfaceOrientationLandscapeRight";
				IPHONEOS_DEPLOYMENT_TARGET = 14.0;
				LD_RUNPATH_SEARCH_PATHS = (
					"$(inherited)",
					"@executable_path/Frameworks",
				);
				MARKETING_VERSION = 1.0;
				PRODUCT_BUNDLE_IDENTIFIER = "com.airabc.TidyKit-Demo";
				PRODUCT_NAME = "$(TARGET_NAME)";
				SWIFT_EMIT_LOC_STRINGS = YES;
				SWIFT_VERSION = 5.0;
				TARGETED_DEVICE_FAMILY = "1,2";
			};
			name = Debug;
		};
		F606F5322B971FB9005EDA94 /* Release */ = {
			isa = XCBuildConfiguration;
			buildSettings = {
				ASSETCATALOG_COMPILER_APPICON_NAME = AppIcon;
				ASSETCATALOG_COMPILER_GLOBAL_ACCENT_COLOR_NAME = AccentColor;
				CODE_SIGN_STYLE = Automatic;
				CURRENT_PROJECT_VERSION = 1;
				DEVELOPMENT_TEAM = KRM5HYEDXU;
				GENERATE_INFOPLIST_FILE = YES;
				INFOPLIST_FILE = "TidyKit-Demo/Info.plist";
				INFOPLIST_KEY_UIApplicationSupportsIndirectInputEvents = YES;
				INFOPLIST_KEY_UILaunchStoryboardName = LaunchScreen;
				INFOPLIST_KEY_UIMainStoryboardFile = Main;
				INFOPLIST_KEY_UISupportedInterfaceOrientations_iPad = "UIInterfaceOrientationPortrait UIInterfaceOrientationPortraitUpsideDown UIInterfaceOrientationLandscapeLeft UIInterfaceOrientationLandscapeRight";
				INFOPLIST_KEY_UISupportedInterfaceOrientations_iPhone = "UIInterfaceOrientationPortrait UIInterfaceOrientationLandscapeLeft UIInterfaceOrientationLandscapeRight";
				IPHONEOS_DEPLOYMENT_TARGET = 14.0;
				LD_RUNPATH_SEARCH_PATHS = (
					"$(inherited)",
					"@executable_path/Frameworks",
				);
				MARKETING_VERSION = 1.0;
				PRODUCT_BUNDLE_IDENTIFIER = "com.airabc.TidyKit-Demo";
				PRODUCT_NAME = "$(TARGET_NAME)";
				SWIFT_EMIT_LOC_STRINGS = YES;
				SWIFT_VERSION = 5.0;
				TARGETED_DEVICE_FAMILY = "1,2";
			};
			name = Release;
		};
/* End XCBuildConfiguration section */

/* Begin XCConfigurationList section */
		F606F5172B971FB7005EDA94 /* Build configuration list for PBXProject "TidyKit-Demo" */ = {
			isa = XCConfigurationList;
			buildConfigurations = (
				F606F52E2B971FB9005EDA94 /* Debug */,
				F606F52F2B971FB9005EDA94 /* Release */,
			);
			defaultConfigurationIsVisible = 0;
			defaultConfigurationName = Release;
		};
		F606F5302B971FB9005EDA94 /* Build configuration list for PBXNativeTarget "TidyKit-Demo" */ = {
			isa = XCConfigurationList;
			buildConfigurations = (
				F606F5312B971FB9005EDA94 /* Debug */,
				F606F5322B971FB9005EDA94 /* Release */,
			);
			defaultConfigurationIsVisible = 0;
			defaultConfigurationName = Release;
		};
/* End XCConfigurationList section */
	};
	rootObject = F606F5142B971FB7005EDA94 /* Project object */;
}
